{
  "name": "mern-basic-todo",
  "version": "0.0.0",
  "lockfileVersion": 2,
  "requires": true,
  "dependencies": {
    "cors": {
      "version": "2.8.5",
      "resolved": "https://registry.npmjs.org/cors/-/cors-2.8.5.tgz",
      "integrity": "sha512-MVuS359B+9W5KR5F5/UC2j7aNk2vBoilVfJYWTVKMSy9s7eP3W6a8Iq/hCv6TBlBA3dXm1zI72wEyV2R8f/4tEA==",
      "requires": {
        "object-assign": "^4.1.1"
      }
    },
    "dotenv": {
      "version": "16.3.1",
      "resolved": "https://registry.npmjs.org/dotenv/-/dotenv-16.3.1.tgz",
      "integrity": "sha512-ZoF9zjToInOkXKjtq4qGPlVrHR3i4y3N06l5EUQ93I1N6ArpKgFyQHo3dI7vU7eXms1Pv0tO2vT/ru8p1Ze6t4w=="
    },
    "express": {
      "version": "4.18.2",
      "resolved": "https://registry.npmjs.org/express/-/express-4.18.2.tgz",
      "integrity": "sha1-KyZ8N50RO5OdY4U0xReXxv5HTes=",
      "requires": {
        "accepts": "~1.3.5",
        "array-flatten": "1.1.1",
        "body-parser": "1.18.3",
        "content-disposition": "0.5.2",
        "content-type": "~1.0.4",
        "cookie": "0.3.1",
        "cookie-signature": "1.0.6",
        "debug": "2.6.9",
        "depd": "~1.1.2",
        "encodeurl": "~1.0.2",
        "escape-html": "~1.0.3",
        "etag": "~1.8.1",
        "finalhandler": "1.1.2",
        "fresh": "0.5.2",
        "merge-descriptors": "1.0.1",
        "methods": "~1.1.2",
        "on-finished": "~2.3.0",
        "parseurl": "~1.3.2",
        "path-to-regexp": "0.1.7",
        "proxy-addr": "~2.0.4",
        "qs": "6.5.2",
        "range-parser": "~1.2.0",
        "safe-buffer": "5.1.2",
        "send": "0.16.2",
        "serve-static": "1.13.2",
        "setprototypeof": "1.1.0",
        "statuses": "~1.4.0",
        "type-is": "~1.6.16",
        "utils-merge": "1.0.1",
        "vary": "~1.1.2"
      }
    },
    "express-async-handler": {
      "version": "1.2.0",
      "resolved": "https://registry.npmjs.org/express-async-handler/-/express-async-handler-1.2.0.tgz",
      "integrity": "sha512-x1zjLGTOMRJTTBmpVXVY/k5nmwHRsKad1paxnZ4nLXsXlqg+pdGbs0LX/wRrWfILvLLXrZ/tNG9NSqWBQw8vuQ=="
    },
    "jsonwebtoken": {
      "version": "9.0.2",
      "resolved": "https://registry.npmjs.org/jsonwebtoken/-/jsonwebtoken-9.0.2.tgz",
      "integrity": "sha512-5Bc1iPEiU2gQlSlxVOjU/8CVBbg5ThTf/Z/MmVV9fUBsm0MfnTu5AfwpW9M8f+XG4+6bSdKo4Um5I61m8fEY7IA==",
      "requires": {
        "jwa": "^1.4.1",
        "jws": "^3.2.2",
        "pem-jwk": "^1.0.0"
      }
    },
    "mongoose": {
      "version": "7.5.2",
      "resolved": "https://registry.npmjs.org/mongoose/-/mongoose-7.5.2.tgz",
      "integrity": "sha512-O/tEjr+ZopCYvkoAl++VPJCZEf0YW1tPzFlByo+1tp2rqZOMeO5iIyNmsz9TpPXaE3I3PwvzdRMeirzlL2j6x1Q==",
      "requires": {
        "bson": "^4.0.3",
        "kareem": "2.3.2"
      }
    }
  }
}
